
Microsoft Visual Studio Solution File, Format Version 12.00
# Visual Studio Version 17
VisualStudioVersion = 17.8.34511.84
MinimumVisualStudioVersion = 10.0.40219.1
Project("{9A19103F-16F7-4668-BE54-9A1E7A4F7556}") = "cine_acceso_datos", "cine_acceso_datos\cine_acceso_datos.csproj", "{F9EA3516-F194-4DCF-8294-2AA55D25041C}"
EndProject
Project("{9A19103F-16F7-4668-BE54-9A1E7A4F7556}") = "cine_logica_negocio", "cine_logica_negocio\cine_logica_negocio.csproj", "{0EDEA7E2-904A-4BB6-9AA5-3B65C7A16BB0}"
EndProject
Project("{FAE04EC0-301F-11D3-BF4B-00C04F79EFBC}") = "cine_presentacion_windows", "cine_presentacion_windows\cine_presentacion_windows.csproj", "{76F967DF-836F-4242-BAB7-59AE2ADEE803}"
EndProject
Global
	GlobalSection(SolutionConfigurationPlatforms) = preSolution
		Debug|Any CPU = Debug|Any CPU
		Release|Any CPU = Release|Any CPU
	EndGlobalSection
	GlobalSection(ProjectConfigurationPlatforms) = postSolution
		{F9EA3516-F194-4DCF-8294-2AA55D25041C}.Debug|Any CPU.ActiveCfg = Debug|Any CPU
		{F9EA3516-F194-4DCF-8294-2AA55D25041C}.Debug|Any CPU.Build.0 = Debug|Any CPU
		{F9EA3516-F194-4DCF-8294-2AA55D25041C}.Release|Any CPU.ActiveCfg = Release|Any CPU
		{F9EA3516-F194-4DCF-8294-2AA55D25041C}.Release|Any CPU.Build.0 = Release|Any CPU
		{0EDEA7E2-904A-4BB6-9AA5-3B65C7A16BB0}.Debug|Any CPU.ActiveCfg = Debug|Any CPU
		{0EDEA7E2-904A-4BB6-9AA5-3B65C7A16BB0}.Debug|Any CPU.Build.0 = Debug|Any CPU
		{0EDEA7E2-904A-4BB6-9AA5-3B65C7A16BB0}.Release|Any CPU.ActiveCfg = Release|Any CPU
		{0EDEA7E2-904A-4BB6-9AA5-3B65C7A16BB0}.Release|Any CPU.Build.0 = Release|Any CPU
		{76F967DF-836F-4242-BAB7-59AE2ADEE803}.Debug|Any CPU.ActiveCfg = Debug|Any CPU
		{76F967DF-836F-4242-BAB7-59AE2ADEE803}.Debug|Any CPU.Build.0 = Debug|Any CPU
		{76F967DF-836F-4242-BAB7-59AE2ADEE803}.Release|Any CPU.ActiveCfg = Release|Any CPU
		{76F967DF-836F-4242-BAB7-59AE2ADEE803}.Release|Any CPU.Build.0 = Release|Any CPU
	EndGlobalSection
	GlobalSection(SolutionProperties) = preSolution
		HideSolutionNode = FALSE
	EndGlobalSection
	GlobalSection(ExtensibilityGlobals) = postSolution
		SolutionGuid = {4ACB16B3-62CC-4104-A433-FB79F8BC41AA}
	EndGlobalSection
EndGlobal
