
Microsoft Visual Studio Solution File, Format Version 12.00
# Visual Studio Version 17
VisualStudioVersion = 17.8.34511.84
MinimumVisualStudioVersion = 10.0.40219.1
Project("{FAE04EC0-301F-11D3-BF4B-00C04F79EFBC}") = "cine_presentacion_windows", "cine_presentacion_windows\cine_presentacion_windows.csproj", "{F4B8B008-C391-46C6-AC52-3A8AFE496168}"
EndProject
Project("{FAE04EC0-301F-11D3-BF4B-00C04F79EFBC}") = "cine_acceso_datos", "cine_acceso_datos\cine_acceso_datos.csproj", "{57FB6B4C-B5ED-44D7-BA83-216375ED4162}"
EndProject
Project("{FAE04EC0-301F-11D3-BF4B-00C04F79EFBC}") = "cine_logica_negocio", "cine_logica_negocio\cine_logica_negocio.csproj", "{38DDE525-B95F-4026-B062-13B9532E5D31}"
EndProject
Global
	GlobalSection(SolutionConfigurationPlatforms) = preSolution
		Debug|Any CPU = Debug|Any CPU
		Release|Any CPU = Release|Any CPU
	EndGlobalSection
	GlobalSection(ProjectConfigurationPlatforms) = postSolution
		{F4B8B008-C391-46C6-AC52-3A8AFE496168}.Debug|Any CPU.ActiveCfg = Debug|Any CPU
		{F4B8B008-C391-46C6-AC52-3A8AFE496168}.Debug|Any CPU.Build.0 = Debug|Any CPU
		{F4B8B008-C391-46C6-AC52-3A8AFE496168}.Release|Any CPU.ActiveCfg = Release|Any CPU
		{F4B8B008-C391-46C6-AC52-3A8AFE496168}.Release|Any CPU.Build.0 = Release|Any CPU
		{57FB6B4C-B5ED-44D7-BA83-216375ED4162}.Debug|Any CPU.ActiveCfg = Debug|Any CPU
		{57FB6B4C-B5ED-44D7-BA83-216375ED4162}.Debug|Any CPU.Build.0 = Debug|Any CPU
		{57FB6B4C-B5ED-44D7-BA83-216375ED4162}.Release|Any CPU.ActiveCfg = Release|Any CPU
		{57FB6B4C-B5ED-44D7-BA83-216375ED4162}.Release|Any CPU.Build.0 = Release|Any CPU
		{38DDE525-B95F-4026-B062-13B9532E5D31}.Debug|Any CPU.ActiveCfg = Debug|Any CPU
		{38DDE525-B95F-4026-B062-13B9532E5D31}.Debug|Any CPU.Build.0 = Debug|Any CPU
		{38DDE525-B95F-4026-B062-13B9532E5D31}.Release|Any CPU.ActiveCfg = Release|Any CPU
		{38DDE525-B95F-4026-B062-13B9532E5D31}.Release|Any CPU.Build.0 = Release|Any CPU
	EndGlobalSection
	GlobalSection(SolutionProperties) = preSolution
		HideSolutionNode = FALSE
	EndGlobalSection
	GlobalSection(ExtensibilityGlobals) = postSolution
		SolutionGuid = {4ACB16B3-62CC-4104-A433-FB79F8BC41AA}
	EndGlobalSection
EndGlobal
